
Microsoft Visual Studio Solution File, Format Version 12.00
# Visual Studio Version 16
VisualStudioVersion = 16.0.29230.47
MinimumVisualStudioVersion = 10.0.40219.1
Project("{FAE04EC0-301F-11D3-BF4B-00C04F79EFBC}") = "uso de ciclos (for)", "uso de ciclos (for)\uso de ciclos (for).csproj", "{518EA126-3773-4BE7-A16F-FA6B201015E5}"
EndProject
Global
	GlobalSection(SolutionConfigurationPlatforms) = preSolution
		Debug|Any CPU = Debug|Any CPU
		Release|Any CPU = Release|Any CPU
	EndGlobalSection
	GlobalSection(ProjectConfigurationPlatforms) = postSolution
		{518EA126-3773-4BE7-A16F-FA6B201015E5}.Debug|Any CPU.ActiveCfg = Debug|Any CPU
		{518EA126-3773-4BE7-A16F-FA6B201015E5}.Debug|Any CPU.Build.0 = Debug|Any CPU
		{518EA126-3773-4BE7-A16F-FA6B201015E5}.Release|Any CPU.ActiveCfg = Release|Any CPU
		{518EA126-3773-4BE7-A16F-FA6B201015E5}.Release|Any CPU.Build.0 = Release|Any CPU
	EndGlobalSection
	GlobalSection(SolutionProperties) = preSolution
		HideSolutionNode = FALSE
	EndGlobalSection
	GlobalSection(ExtensibilityGlobals) = postSolution
		SolutionGuid = {7CDB90AF-A385-4C19-BFE2-9C7CE014FACC}
	EndGlobalSection
EndGlobal
